
Microsoft Visual Studio Solution File, Format Version 12.00
# Visual Studio 15
VisualStudioVersion = 15.0.27428.2015
MinimumVisualStudioVersion = 10.0.40219.1
Project("{FAE04EC0-301F-11D3-BF4B-00C04F79EFBC}") = "SoftUniLogInAutomattionTest", "SoftUniLogInAutomattionTest\SoftUniLogInAutomattionTest.csproj", "{A2FE8294-DBF2-45C6-BE50-6A3BF49B0238}"
EndProject
Global
	GlobalSection(SolutionConfigurationPlatforms) = preSolution
		Debug|Any CPU = Debug|Any CPU
		Release|Any CPU = Release|Any CPU
	EndGlobalSection
	GlobalSection(ProjectConfigurationPlatforms) = postSolution
		{A2FE8294-DBF2-45C6-BE50-6A3BF49B0238}.Debug|Any CPU.ActiveCfg = Debug|Any CPU
		{A2FE8294-DBF2-45C6-BE50-6A3BF49B0238}.Debug|Any CPU.Build.0 = Debug|Any CPU
		{A2FE8294-DBF2-45C6-BE50-6A3BF49B0238}.Release|Any CPU.ActiveCfg = Release|Any CPU
		{A2FE8294-DBF2-45C6-BE50-6A3BF49B0238}.Release|Any CPU.Build.0 = Release|Any CPU
	EndGlobalSection
	GlobalSection(SolutionProperties) = preSolution
		HideSolutionNode = FALSE
	EndGlobalSection
	GlobalSection(ExtensibilityGlobals) = postSolution
		SolutionGuid = {B57E9595-692A-40E6-96B4-F620ABC26EC4}
	EndGlobalSection
EndGlobal
